
Microsoft Visual Studio Solution File, Format Version 12.00
# Visual Studio Version 16
VisualStudioVersion = 16.0.30114.105
MinimumVisualStudioVersion = 10.0.40219.1
Project("{FAE04EC0-301F-11D3-BF4B-00C04F79EFBC}") = "CloudCustomers.Api", "CloudCustomers.Api\CloudCustomers.Api.csproj", "{E59EC8DE-E69D-4B40-9CA7-3A5FA513B60F}"
EndProject
Project("{FAE04EC0-301F-11D3-BF4B-00C04F79EFBC}") = "CloudCustomers.UnitTests", "CloudCustomers.UnitTests\CloudCustomers.UnitTests.csproj", "{E56694A7-50EB-46D5-A72B-06F8BF77ACC9}"
EndProject
Global
	GlobalSection(SolutionConfigurationPlatforms) = preSolution
		Debug|Any CPU = Debug|Any CPU
		Release|Any CPU = Release|Any CPU
	EndGlobalSection
	GlobalSection(SolutionProperties) = preSolution
		HideSolutionNode = FALSE
	EndGlobalSection
	GlobalSection(ProjectConfigurationPlatforms) = postSolution
		{E59EC8DE-E69D-4B40-9CA7-3A5FA513B60F}.Debug|Any CPU.ActiveCfg = Debug|Any CPU
		{E59EC8DE-E69D-4B40-9CA7-3A5FA513B60F}.Debug|Any CPU.Build.0 = Debug|Any CPU
		{E59EC8DE-E69D-4B40-9CA7-3A5FA513B60F}.Release|Any CPU.ActiveCfg = Release|Any CPU
		{E59EC8DE-E69D-4B40-9CA7-3A5FA513B60F}.Release|Any CPU.Build.0 = Release|Any CPU
		{E56694A7-50EB-46D5-A72B-06F8BF77ACC9}.Debug|Any CPU.ActiveCfg = Debug|Any CPU
		{E56694A7-50EB-46D5-A72B-06F8BF77ACC9}.Debug|Any CPU.Build.0 = Debug|Any CPU
		{E56694A7-50EB-46D5-A72B-06F8BF77ACC9}.Release|Any CPU.ActiveCfg = Release|Any CPU
		{E56694A7-50EB-46D5-A72B-06F8BF77ACC9}.Release|Any CPU.Build.0 = Release|Any CPU
	EndGlobalSection
EndGlobal
