
Microsoft Visual Studio Solution File, Format Version 12.00
# Visual Studio Version 17
VisualStudioVersion = 17.0.31903.59
MinimumVisualStudioVersion = 10.0.40219.1
Project("{FAE04EC0-301F-11D3-BF4B-00C04F79EFBC}") = "Core", "Core\Core.csproj", "{056C5551-30BE-4967-B414-8B3DB74F93E7}"
EndProject
Project("{FAE04EC0-301F-11D3-BF4B-00C04F79EFBC}") = "DataAccess", "DataAccess\DataAccess.csproj", "{6266EA68-ADD2-4658-B94C-EA1080A3712E}"
EndProject
Project("{FAE04EC0-301F-11D3-BF4B-00C04F79EFBC}") = "Services", "Services\Services.csproj", "{254EF373-B3BC-43E3-ACE1-CD77E6E1B9D3}"
EndProject
Project("{FAE04EC0-301F-11D3-BF4B-00C04F79EFBC}") = "WebUI", "WebUI\WebUI.csproj", "{A4DC4169-7FE1-4C32-9B07-E22CBDB511D9}"
EndProject
Global
	GlobalSection(SolutionConfigurationPlatforms) = preSolution
		Debug|Any CPU = Debug|Any CPU
		Release|Any CPU = Release|Any CPU
	EndGlobalSection
	GlobalSection(SolutionProperties) = preSolution
		HideSolutionNode = FALSE
	EndGlobalSection
	GlobalSection(ProjectConfigurationPlatforms) = postSolution
		{056C5551-30BE-4967-B414-8B3DB74F93E7}.Debug|Any CPU.ActiveCfg = Debug|Any CPU
		{056C5551-30BE-4967-B414-8B3DB74F93E7}.Debug|Any CPU.Build.0 = Debug|Any CPU
		{056C5551-30BE-4967-B414-8B3DB74F93E7}.Release|Any CPU.ActiveCfg = Release|Any CPU
		{056C5551-30BE-4967-B414-8B3DB74F93E7}.Release|Any CPU.Build.0 = Release|Any CPU
		{6266EA68-ADD2-4658-B94C-EA1080A3712E}.Debug|Any CPU.ActiveCfg = Debug|Any CPU
		{6266EA68-ADD2-4658-B94C-EA1080A3712E}.Debug|Any CPU.Build.0 = Debug|Any CPU
		{6266EA68-ADD2-4658-B94C-EA1080A3712E}.Release|Any CPU.ActiveCfg = Release|Any CPU
		{6266EA68-ADD2-4658-B94C-EA1080A3712E}.Release|Any CPU.Build.0 = Release|Any CPU
		{254EF373-B3BC-43E3-ACE1-CD77E6E1B9D3}.Debug|Any CPU.ActiveCfg = Debug|Any CPU
		{254EF373-B3BC-43E3-ACE1-CD77E6E1B9D3}.Debug|Any CPU.Build.0 = Debug|Any CPU
		{254EF373-B3BC-43E3-ACE1-CD77E6E1B9D3}.Release|Any CPU.ActiveCfg = Release|Any CPU
		{254EF373-B3BC-43E3-ACE1-CD77E6E1B9D3}.Release|Any CPU.Build.0 = Release|Any CPU
		{A4DC4169-7FE1-4C32-9B07-E22CBDB511D9}.Debug|Any CPU.ActiveCfg = Debug|Any CPU
		{A4DC4169-7FE1-4C32-9B07-E22CBDB511D9}.Debug|Any CPU.Build.0 = Debug|Any CPU
		{A4DC4169-7FE1-4C32-9B07-E22CBDB511D9}.Release|Any CPU.ActiveCfg = Release|Any CPU
		{A4DC4169-7FE1-4C32-9B07-E22CBDB511D9}.Release|Any CPU.Build.0 = Release|Any CPU
	EndGlobalSection
EndGlobal
